{
    "_readme": [
        "This file locks the dependencies of your project to a known state",
        "Read more about it at http://getcomposer.org/doc/01-basic-usage.md#composer-lock-the-lock-file",
        "This file is @generated automatically"
    ],
    "hash": "e7f7bdc0b423fca203dc878ba4edb1a9",
    "packages": [
        {
            "name": "iplox/iploxphp",
            "version": "dev-master",
            "source": {
                "type": "git",
                "url": "git@bitbucket.org:iplox/iploxphp.git",
                "reference": "7e13ea004bebf66917abd25e67305a51c0511177"
            },
            "require-dev": {
                "phpdocumentor/phpdocumentor": "2.8.*",
                "phpunit/phpunit": "4.5.*"
            },
            "suggest": {
                "phing/phing": "The PHP build automation tool",
                "phpdocumentor/phpdocumentor": "Allows documentation generation using in-code special comments."
            },
            "type": "library",
            "autoload": {
                "psr-0": {
                    "Iplox\\": "src/"
                }
            },
            "authors": [
                {
                    "name": "Jr. Stanley Zapata",
                    "email": "jzapata@stanlix.com"
                }
            ],
            "time": "2015-08-07 19:07:09"
        },
        {
            "name": "smarty/smarty",
            "version": "dev-master",
            "source": {
                "type": "git",
                "url": "https://github.com/smarty-php/smarty.git",
                "reference": "643e6784e8d07154e88eff1ea43b2cd66a6051ae"
            },
            "dist": {
                "type": "zip",
                "url": "https://api.github.com/repos/smarty-php/smarty/zipball/643e6784e8d07154e88eff1ea43b2cd66a6051ae",
                "reference": "643e6784e8d07154e88eff1ea43b2cd66a6051ae",
                "shasum": ""
            },
            "require": {
                "php": ">=5.2"
            },
            "type": "library",
            "extra": {
                "branch-alias": {
                    "dev-master": "3.1.x-dev"
                }
            },
            "autoload": {
                "classmap": [
                    "libs/Smarty.class.php",
                    "libs/SmartyBC.class.php",
                    "libs/sysplugins/"
                ]
            },
            "notification-url": "https://packagist.org/downloads/",
            "license": [
                "LGPL-3.0"
            ],
            "authors": [
                {
                    "name": "Monte Ohrt",
                    "email": "monte@ohrt.com"
                },
                {
                    "name": "Uwe Tews",
                    "email": "uwe.tews@googlemail.com"
                },
                {
                    "name": "Rodney Rehm",
                    "email": "rodney.rehm@medialize.de"
                }
            ],
            "description": "Smarty - the compiling PHP template engine",
            "homepage": "http://www.smarty.net",
            "keywords": [
                "templating"
            ],
            "time": "2015-08-06 19:42:20"
        }
    ],
    "packages-dev": [],
    "aliases": [],
    "minimum-stability": "dev",
    "stability-flags": {
        "iplox/iploxphp": 20
    },
    "prefer-stable": false,
    "prefer-lowest": false,
    "platform": [],
    "platform-dev": []
}
