{
    "_readme": [
        "This file locks the dependencies of your project to a known state",
        "Read more about it at http://getcomposer.org/doc/01-basic-usage.md#composer-lock-the-lock-file",
        "This file is @generated automatically"
    ],
    "hash": "bfc62742f19ea07341e212703e3a84f5",
    "packages": [
        {
            "name": "iplox/iplox",
            "version": "v0.1.5",
            "source": {
                "type": "git",
                "url": "https://github.com/iplox/iplox.git",
                "reference": "a382de8e5f4405e63180ace929674e847c745f67"
            },
            "dist": {
                "type": "zip",
                "url": "https://api.github.com/repos/iplox/iplox/zipball/a382de8e5f4405e63180ace929674e847c745f67",
                "reference": "a382de8e5f4405e63180ace929674e847c745f67",
                "shasum": ""
            },
            "suggest": {
                "phing/phing": "The PHP build automation tool",
                "phpdocumentor/phpdocumentor": "Allows documentation generation using in-code special comments."
            },
            "type": "library",
            "autoload": {
                "psr-0": {
                    "Iplox\\": "src/"
                }
            },
            "notification-url": "https://packagist.org/downloads/",
            "authors": [
                {
                    "name": "Jr. Stanley Zapata",
                    "email": "jrzapata@hotmail.com"
                }
            ],
            "time": "2015-11-11 16:51:06"
        },
        {
            "name": "smarty/smarty",
            "version": "v3.1.27",
            "source": {
                "type": "git",
                "url": "https://github.com/smarty-php/smarty.git",
                "reference": "4537d8aae6c4a26f5439bc3a05d3437d25c2c4d2"
            },
            "dist": {
                "type": "zip",
                "url": "https://api.github.com/repos/smarty-php/smarty/zipball/4537d8aae6c4a26f5439bc3a05d3437d25c2c4d2",
                "reference": "4537d8aae6c4a26f5439bc3a05d3437d25c2c4d2",
                "shasum": ""
            },
            "require": {
                "php": ">=5.2"
            },
            "type": "library",
            "extra": {
                "branch-alias": {
                    "dev-master": "3.1.x-dev"
                }
            },
            "autoload": {
                "classmap": [
                    "libs/Smarty.class.php",
                    "libs/SmartyBC.class.php",
                    "libs/sysplugins/"
                ]
            },
            "notification-url": "https://packagist.org/downloads/",
            "license": [
                "LGPL-3.0"
            ],
            "authors": [
                {
                    "name": "Monte Ohrt",
                    "email": "monte@ohrt.com"
                },
                {
                    "name": "Uwe Tews",
                    "email": "uwe.tews@googlemail.com"
                },
                {
                    "name": "Rodney Rehm",
                    "email": "rodney.rehm@medialize.de"
                }
            ],
            "description": "Smarty - the compiling PHP template engine",
            "homepage": "http://www.smarty.net",
            "keywords": [
                "templating"
            ],
            "time": "2015-06-18 00:55:59"
        }
    ],
    "packages-dev": [],
    "aliases": [],
    "minimum-stability": "stable",
    "stability-flags": [],
    "prefer-stable": false,
    "prefer-lowest": false,
    "platform": [],
    "platform-dev": []
}
